
Microsoft Visual Studio Solution File, Format Version 12.00
# Visual Studio Version 16
VisualStudioVersion = 16.0.30626.31
MinimumVisualStudioVersion = 10.0.40219.1
Project("{9A19103F-16F7-4668-BE54-9A1E7A4F7556}") = "templates", "templates.csproj", "{1E3BCF97-A5CD-4E40-AC3B-CEDCC2B12F75}"
EndProject
Project("{2150E333-8FDC-42A3-9474-1A3956D46DE8}") = "Template Projects", "Template Projects", "{4FD43C4D-5121-41DB-82F0-B19D99B985C9}"
EndProject
Project("{9A19103F-16F7-4668-BE54-9A1E7A4F7556}") = "MyTemplate.Components", "templates\VanillaDualSolution\Components\MyTemplate.Components.csproj", "{ACD6EC56-172D-4B7B-B5F7-D685C0B621DF}"
EndProject
Project("{2150E333-8FDC-42A3-9474-1A3956D46DE8}") = "VanillaDualSolution", "VanillaDualSolution", "{71481CB2-F150-46B7-94E8-4CF0A20D8313}"
EndProject
Project("{9A19103F-16F7-4668-BE54-9A1E7A4F7556}") = "MyTemplate.Server", "templates\VanillaDualSolution\Server\MyTemplate.Server.csproj", "{1D100ED6-F1C4-4A6D-8311-7C209B7D5F8A}"
EndProject
Project("{9A19103F-16F7-4668-BE54-9A1E7A4F7556}") = "MyTemplate.Wasm", "templates\VanillaDualSolution\Wasm\MyTemplate.Wasm.csproj", "{C65F3B4D-AD66-44EC-9246-1B825459C87C}"
EndProject
Project("{2150E333-8FDC-42A3-9474-1A3956D46DE8}") = "VanillaWasm", "VanillaWasm", "{B469A476-AF75-4C93-B089-301399CA7738}"
EndProject
Project("{9A19103F-16F7-4668-BE54-9A1E7A4F7556}") = "MyTemplate", "templates\VanillaWasm\MyTemplate.csproj", "{F7B498CF-A132-4D18-885E-604BB05F917C}"
EndProject
Project("{2150E333-8FDC-42A3-9474-1A3956D46DE8}") = "VanillaServer", "VanillaServer", "{691653EB-8B32-43F7-A678-59EED501BC8C}"
EndProject
Project("{9A19103F-16F7-4668-BE54-9A1E7A4F7556}") = "MyTemplate", "templates\VanillaServer\MyTemplate.csproj", "{CA5D372A-454F-4DCD-8B09-50F5CFE109BC}"
EndProject
Global
	GlobalSection(SolutionConfigurationPlatforms) = preSolution
		Debug|Any CPU = Debug|Any CPU
		Release|Any CPU = Release|Any CPU
	EndGlobalSection
	GlobalSection(ProjectConfigurationPlatforms) = postSolution
		{1E3BCF97-A5CD-4E40-AC3B-CEDCC2B12F75}.Debug|Any CPU.ActiveCfg = Debug|Any CPU
		{1E3BCF97-A5CD-4E40-AC3B-CEDCC2B12F75}.Debug|Any CPU.Build.0 = Debug|Any CPU
		{1E3BCF97-A5CD-4E40-AC3B-CEDCC2B12F75}.Release|Any CPU.ActiveCfg = Release|Any CPU
		{1E3BCF97-A5CD-4E40-AC3B-CEDCC2B12F75}.Release|Any CPU.Build.0 = Release|Any CPU
		{ACD6EC56-172D-4B7B-B5F7-D685C0B621DF}.Debug|Any CPU.ActiveCfg = Debug|Any CPU
		{ACD6EC56-172D-4B7B-B5F7-D685C0B621DF}.Debug|Any CPU.Build.0 = Debug|Any CPU
		{ACD6EC56-172D-4B7B-B5F7-D685C0B621DF}.Release|Any CPU.ActiveCfg = Release|Any CPU
		{ACD6EC56-172D-4B7B-B5F7-D685C0B621DF}.Release|Any CPU.Build.0 = Release|Any CPU
		{1D100ED6-F1C4-4A6D-8311-7C209B7D5F8A}.Debug|Any CPU.ActiveCfg = Debug|Any CPU
		{1D100ED6-F1C4-4A6D-8311-7C209B7D5F8A}.Debug|Any CPU.Build.0 = Debug|Any CPU
		{1D100ED6-F1C4-4A6D-8311-7C209B7D5F8A}.Release|Any CPU.ActiveCfg = Release|Any CPU
		{1D100ED6-F1C4-4A6D-8311-7C209B7D5F8A}.Release|Any CPU.Build.0 = Release|Any CPU
		{C65F3B4D-AD66-44EC-9246-1B825459C87C}.Debug|Any CPU.ActiveCfg = Debug|Any CPU
		{C65F3B4D-AD66-44EC-9246-1B825459C87C}.Debug|Any CPU.Build.0 = Debug|Any CPU
		{C65F3B4D-AD66-44EC-9246-1B825459C87C}.Release|Any CPU.ActiveCfg = Release|Any CPU
		{C65F3B4D-AD66-44EC-9246-1B825459C87C}.Release|Any CPU.Build.0 = Release|Any CPU
		{F7B498CF-A132-4D18-885E-604BB05F917C}.Debug|Any CPU.ActiveCfg = Debug|Any CPU
		{F7B498CF-A132-4D18-885E-604BB05F917C}.Debug|Any CPU.Build.0 = Debug|Any CPU
		{F7B498CF-A132-4D18-885E-604BB05F917C}.Release|Any CPU.ActiveCfg = Release|Any CPU
		{F7B498CF-A132-4D18-885E-604BB05F917C}.Release|Any CPU.Build.0 = Release|Any CPU
		{CA5D372A-454F-4DCD-8B09-50F5CFE109BC}.Debug|Any CPU.ActiveCfg = Debug|Any CPU
		{CA5D372A-454F-4DCD-8B09-50F5CFE109BC}.Debug|Any CPU.Build.0 = Debug|Any CPU
		{CA5D372A-454F-4DCD-8B09-50F5CFE109BC}.Release|Any CPU.ActiveCfg = Release|Any CPU
		{CA5D372A-454F-4DCD-8B09-50F5CFE109BC}.Release|Any CPU.Build.0 = Release|Any CPU
	EndGlobalSection
	GlobalSection(SolutionProperties) = preSolution
		HideSolutionNode = FALSE
	EndGlobalSection
	GlobalSection(NestedProjects) = preSolution
		{ACD6EC56-172D-4B7B-B5F7-D685C0B621DF} = {71481CB2-F150-46B7-94E8-4CF0A20D8313}
		{71481CB2-F150-46B7-94E8-4CF0A20D8313} = {4FD43C4D-5121-41DB-82F0-B19D99B985C9}
		{1D100ED6-F1C4-4A6D-8311-7C209B7D5F8A} = {71481CB2-F150-46B7-94E8-4CF0A20D8313}
		{C65F3B4D-AD66-44EC-9246-1B825459C87C} = {71481CB2-F150-46B7-94E8-4CF0A20D8313}
		{B469A476-AF75-4C93-B089-301399CA7738} = {4FD43C4D-5121-41DB-82F0-B19D99B985C9}
		{F7B498CF-A132-4D18-885E-604BB05F917C} = {B469A476-AF75-4C93-B089-301399CA7738}
		{691653EB-8B32-43F7-A678-59EED501BC8C} = {4FD43C4D-5121-41DB-82F0-B19D99B985C9}
		{CA5D372A-454F-4DCD-8B09-50F5CFE109BC} = {691653EB-8B32-43F7-A678-59EED501BC8C}
	EndGlobalSection
	GlobalSection(ExtensibilityGlobals) = postSolution
		SolutionGuid = {D5F2E43A-2F0D-44DD-9371-69B65146EF07}
	EndGlobalSection
EndGlobal
